
Microsoft Visual Studio Solution File, Format Version 12.00
# Visual Studio Version 16
VisualStudioVersion = 16.0.31729.503
MinimumVisualStudioVersion = 10.0.40219.1
Project("{FAE04EC0-301F-11D3-BF4B-00C04F79EFBC}") = "C2009EClass2", "C2009EClass2\C2009EClass2.csproj", "{D9075D05-BBE5-4D47-AE93-BE03CE4BD59A}"
EndProject
Global
	GlobalSection(SolutionConfigurationPlatforms) = preSolution
		Debug|Any CPU = Debug|Any CPU
		Release|Any CPU = Release|Any CPU
	EndGlobalSection
	GlobalSection(ProjectConfigurationPlatforms) = postSolution
		{D9075D05-BBE5-4D47-AE93-BE03CE4BD59A}.Debug|Any CPU.ActiveCfg = Debug|Any CPU
		{D9075D05-BBE5-4D47-AE93-BE03CE4BD59A}.Debug|Any CPU.Build.0 = Debug|Any CPU
		{D9075D05-BBE5-4D47-AE93-BE03CE4BD59A}.Release|Any CPU.ActiveCfg = Release|Any CPU
		{D9075D05-BBE5-4D47-AE93-BE03CE4BD59A}.Release|Any CPU.Build.0 = Release|Any CPU
	EndGlobalSection
	GlobalSection(SolutionProperties) = preSolution
		HideSolutionNode = FALSE
	EndGlobalSection
	GlobalSection(ExtensibilityGlobals) = postSolution
		SolutionGuid = {F182EA65-D192-4BCA-8504-68C7FEEB04E4}
	EndGlobalSection
EndGlobal
